
Microsoft Visual Studio Solution File, Format Version 12.00
# Visual Studio Version 16
VisualStudioVersion = 16.0.29613.14
MinimumVisualStudioVersion = 10.0.40219.1
Project("{FAE04EC0-301F-11D3-BF4B-00C04F79EFBC}") = "RollerCoaster", "RollerCoaster\RollerCoaster.csproj", "{965EAA9A-2FAC-4DBE-8A84-CA661C740720}"
EndProject
Global
	GlobalSection(SolutionConfigurationPlatforms) = preSolution
		Debug|Any CPU = Debug|Any CPU
		Release|Any CPU = Release|Any CPU
	EndGlobalSection
	GlobalSection(ProjectConfigurationPlatforms) = postSolution
		{965EAA9A-2FAC-4DBE-8A84-CA661C740720}.Debug|Any CPU.ActiveCfg = Debug|Any CPU
		{965EAA9A-2FAC-4DBE-8A84-CA661C740720}.Debug|Any CPU.Build.0 = Debug|Any CPU
		{965EAA9A-2FAC-4DBE-8A84-CA661C740720}.Release|Any CPU.ActiveCfg = Release|Any CPU
		{965EAA9A-2FAC-4DBE-8A84-CA661C740720}.Release|Any CPU.Build.0 = Release|Any CPU
	EndGlobalSection
	GlobalSection(SolutionProperties) = preSolution
		HideSolutionNode = FALSE
	EndGlobalSection
	GlobalSection(ExtensibilityGlobals) = postSolution
		SolutionGuid = {3ED587B0-7B8A-4EB1-AB72-0C0B96A7030D}
	EndGlobalSection
EndGlobal
