
Microsoft Visual Studio Solution File, Format Version 12.00
# Visual Studio Version 16
VisualStudioVersion = 16.0.29613.14
MinimumVisualStudioVersion = 10.0.40219.1
Project("{FAE04EC0-301F-11D3-BF4B-00C04F79EFBC}") = "CoinFlipper", "CoinFlipper\CoinFlipper.csproj", "{8C0AB65C-F7EE-44CE-AB09-69D300165E3D}"
EndProject
Global
	GlobalSection(SolutionConfigurationPlatforms) = preSolution
		Debug|Any CPU = Debug|Any CPU
		Release|Any CPU = Release|Any CPU
	EndGlobalSection
	GlobalSection(ProjectConfigurationPlatforms) = postSolution
		{8C0AB65C-F7EE-44CE-AB09-69D300165E3D}.Debug|Any CPU.ActiveCfg = Debug|Any CPU
		{8C0AB65C-F7EE-44CE-AB09-69D300165E3D}.Debug|Any CPU.Build.0 = Debug|Any CPU
		{8C0AB65C-F7EE-44CE-AB09-69D300165E3D}.Release|Any CPU.ActiveCfg = Release|Any CPU
		{8C0AB65C-F7EE-44CE-AB09-69D300165E3D}.Release|Any CPU.Build.0 = Release|Any CPU
	EndGlobalSection
	GlobalSection(SolutionProperties) = preSolution
		HideSolutionNode = FALSE
	EndGlobalSection
	GlobalSection(ExtensibilityGlobals) = postSolution
		SolutionGuid = {61399C3F-17C4-4276-9465-A2A40FA18016}
	EndGlobalSection
EndGlobal
