
Microsoft Visual Studio Solution File, Format Version 12.00
# Visual Studio Version 16
VisualStudioVersion = 16.0.29709.97
MinimumVisualStudioVersion = 10.0.40219.1
Project("{FAE04EC0-301F-11D3-BF4B-00C04F79EFBC}") = "HealthyHearts", "HealthyHearts\HealthyHearts.csproj", "{6ED9F17B-E331-4288-B47A-4F217557D8C4}"
EndProject
Global
	GlobalSection(SolutionConfigurationPlatforms) = preSolution
		Debug|Any CPU = Debug|Any CPU
		Release|Any CPU = Release|Any CPU
	EndGlobalSection
	GlobalSection(ProjectConfigurationPlatforms) = postSolution
		{6ED9F17B-E331-4288-B47A-4F217557D8C4}.Debug|Any CPU.ActiveCfg = Debug|Any CPU
		{6ED9F17B-E331-4288-B47A-4F217557D8C4}.Debug|Any CPU.Build.0 = Debug|Any CPU
		{6ED9F17B-E331-4288-B47A-4F217557D8C4}.Release|Any CPU.ActiveCfg = Release|Any CPU
		{6ED9F17B-E331-4288-B47A-4F217557D8C4}.Release|Any CPU.Build.0 = Release|Any CPU
	EndGlobalSection
	GlobalSection(SolutionProperties) = preSolution
		HideSolutionNode = FALSE
	EndGlobalSection
	GlobalSection(ExtensibilityGlobals) = postSolution
		SolutionGuid = {0AFAFBC1-CE69-4A0F-AE7E-5337A2C8443A}
	EndGlobalSection
EndGlobal
