
Microsoft Visual Studio Solution File, Format Version 12.00
# Visual Studio Version 16
VisualStudioVersion = 16.0.29709.97
MinimumVisualStudioVersion = 10.0.40219.1
Project("{FAE04EC0-301F-11D3-BF4B-00C04F79EFBC}") = "FruitSalad", "FruitSalad\FruitSalad.csproj", "{6F528224-1393-4B2E-BD53-28F3C01476B3}"
EndProject
Global
	GlobalSection(SolutionConfigurationPlatforms) = preSolution
		Debug|Any CPU = Debug|Any CPU
		Release|Any CPU = Release|Any CPU
	EndGlobalSection
	GlobalSection(ProjectConfigurationPlatforms) = postSolution
		{6F528224-1393-4B2E-BD53-28F3C01476B3}.Debug|Any CPU.ActiveCfg = Debug|Any CPU
		{6F528224-1393-4B2E-BD53-28F3C01476B3}.Debug|Any CPU.Build.0 = Debug|Any CPU
		{6F528224-1393-4B2E-BD53-28F3C01476B3}.Release|Any CPU.ActiveCfg = Release|Any CPU
		{6F528224-1393-4B2E-BD53-28F3C01476B3}.Release|Any CPU.Build.0 = Release|Any CPU
	EndGlobalSection
	GlobalSection(SolutionProperties) = preSolution
		HideSolutionNode = FALSE
	EndGlobalSection
	GlobalSection(ExtensibilityGlobals) = postSolution
		SolutionGuid = {1F401D1D-4F73-49F5-BAC8-EE7BF14F8008}
	EndGlobalSection
EndGlobal
