
Microsoft Visual Studio Solution File, Format Version 12.00
# Visual Studio Version 16
VisualStudioVersion = 16.0.29613.14
MinimumVisualStudioVersion = 10.0.40219.1
Project("{FAE04EC0-301F-11D3-BF4B-00C04F79EFBC}") = "ALittleChaos", "ALittleChaos\ALittleChaos.csproj", "{5F5F98CA-D587-41AF-9019-61B08D654837}"
EndProject
Global
	GlobalSection(SolutionConfigurationPlatforms) = preSolution
		Debug|Any CPU = Debug|Any CPU
		Release|Any CPU = Release|Any CPU
	EndGlobalSection
	GlobalSection(ProjectConfigurationPlatforms) = postSolution
		{5F5F98CA-D587-41AF-9019-61B08D654837}.Debug|Any CPU.ActiveCfg = Debug|Any CPU
		{5F5F98CA-D587-41AF-9019-61B08D654837}.Debug|Any CPU.Build.0 = Debug|Any CPU
		{5F5F98CA-D587-41AF-9019-61B08D654837}.Release|Any CPU.ActiveCfg = Release|Any CPU
		{5F5F98CA-D587-41AF-9019-61B08D654837}.Release|Any CPU.Build.0 = Release|Any CPU
	EndGlobalSection
	GlobalSection(SolutionProperties) = preSolution
		HideSolutionNode = FALSE
	EndGlobalSection
	GlobalSection(ExtensibilityGlobals) = postSolution
		SolutionGuid = {2DFBF43D-DB25-4ABC-B644-8F393C49504D}
	EndGlobalSection
EndGlobal
