
Microsoft Visual Studio Solution File, Format Version 12.00
# Visual Studio Version 16
VisualStudioVersion = 16.0.29709.97
MinimumVisualStudioVersion = 10.0.40219.1
Project("{FAE04EC0-301F-11D3-BF4B-00C04F79EFBC}") = "TraditionalFizzBuzz", "TraditionalFizzBuzz\TraditionalFizzBuzz.csproj", "{6BA5E602-0AA7-4390-A993-37F7475F36AD}"
EndProject
Global
	GlobalSection(SolutionConfigurationPlatforms) = preSolution
		Debug|Any CPU = Debug|Any CPU
		Release|Any CPU = Release|Any CPU
	EndGlobalSection
	GlobalSection(ProjectConfigurationPlatforms) = postSolution
		{6BA5E602-0AA7-4390-A993-37F7475F36AD}.Debug|Any CPU.ActiveCfg = Debug|Any CPU
		{6BA5E602-0AA7-4390-A993-37F7475F36AD}.Debug|Any CPU.Build.0 = Debug|Any CPU
		{6BA5E602-0AA7-4390-A993-37F7475F36AD}.Release|Any CPU.ActiveCfg = Release|Any CPU
		{6BA5E602-0AA7-4390-A993-37F7475F36AD}.Release|Any CPU.Build.0 = Release|Any CPU
	EndGlobalSection
	GlobalSection(SolutionProperties) = preSolution
		HideSolutionNode = FALSE
	EndGlobalSection
	GlobalSection(ExtensibilityGlobals) = postSolution
		SolutionGuid = {35D5295F-A1D4-4123-8FB0-DFDF716489D6}
	EndGlobalSection
EndGlobal
