
Microsoft Visual Studio Solution File, Format Version 12.00
# Visual Studio Version 16
VisualStudioVersion = 16.0.29709.97
MinimumVisualStudioVersion = 10.0.40219.1
Project("{FAE04EC0-301F-11D3-BF4B-00C04F79EFBC}") = "GuessingGame.UI", "GuessingGame.UI\GuessingGame.UI.csproj", "{8A7731C2-7B5F-4E80-903A-D4C385AFBF97}"
EndProject
Project("{FAE04EC0-301F-11D3-BF4B-00C04F79EFBC}") = "GuessingGame.BLL", "..\GuessingGame.BLL\GuessingGame.BLL.csproj", "{19261821-55E4-4B93-A20E-87407DF9F3E4}"
EndProject
Project("{FAE04EC0-301F-11D3-BF4B-00C04F79EFBC}") = "GuessingGame.Tests", "..\GuessingGame.Tests\GuessingGame.Tests.csproj", "{27517600-4890-40A6-8633-301FF37F414F}"
EndProject
Global
	GlobalSection(SolutionConfigurationPlatforms) = preSolution
		Debug|Any CPU = Debug|Any CPU
		Release|Any CPU = Release|Any CPU
	EndGlobalSection
	GlobalSection(ProjectConfigurationPlatforms) = postSolution
		{8A7731C2-7B5F-4E80-903A-D4C385AFBF97}.Debug|Any CPU.ActiveCfg = Debug|Any CPU
		{8A7731C2-7B5F-4E80-903A-D4C385AFBF97}.Debug|Any CPU.Build.0 = Debug|Any CPU
		{8A7731C2-7B5F-4E80-903A-D4C385AFBF97}.Release|Any CPU.ActiveCfg = Release|Any CPU
		{8A7731C2-7B5F-4E80-903A-D4C385AFBF97}.Release|Any CPU.Build.0 = Release|Any CPU
		{19261821-55E4-4B93-A20E-87407DF9F3E4}.Debug|Any CPU.ActiveCfg = Debug|Any CPU
		{19261821-55E4-4B93-A20E-87407DF9F3E4}.Debug|Any CPU.Build.0 = Debug|Any CPU
		{19261821-55E4-4B93-A20E-87407DF9F3E4}.Release|Any CPU.ActiveCfg = Release|Any CPU
		{19261821-55E4-4B93-A20E-87407DF9F3E4}.Release|Any CPU.Build.0 = Release|Any CPU
		{27517600-4890-40A6-8633-301FF37F414F}.Debug|Any CPU.ActiveCfg = Debug|Any CPU
		{27517600-4890-40A6-8633-301FF37F414F}.Debug|Any CPU.Build.0 = Debug|Any CPU
		{27517600-4890-40A6-8633-301FF37F414F}.Release|Any CPU.ActiveCfg = Release|Any CPU
		{27517600-4890-40A6-8633-301FF37F414F}.Release|Any CPU.Build.0 = Release|Any CPU
	EndGlobalSection
	GlobalSection(SolutionProperties) = preSolution
		HideSolutionNode = FALSE
	EndGlobalSection
	GlobalSection(ExtensibilityGlobals) = postSolution
		SolutionGuid = {C1E29FB5-484C-468F-A815-E8FA1659131F}
	EndGlobalSection
EndGlobal
