
Microsoft Visual Studio Solution File, Format Version 12.00
# Visual Studio Version 16
VisualStudioVersion = 16.0.29709.97
MinimumVisualStudioVersion = 10.0.40219.1
Project("{FAE04EC0-301F-11D3-BF4B-00C04F79EFBC}") = "RockPaperScissors", "RockPaperScissors\RockPaperScissors.csproj", "{32D6114B-380B-4914-8765-36E607AE2A2D}"
EndProject
Global
	GlobalSection(SolutionConfigurationPlatforms) = preSolution
		Debug|Any CPU = Debug|Any CPU
		Release|Any CPU = Release|Any CPU
	EndGlobalSection
	GlobalSection(ProjectConfigurationPlatforms) = postSolution
		{32D6114B-380B-4914-8765-36E607AE2A2D}.Debug|Any CPU.ActiveCfg = Debug|Any CPU
		{32D6114B-380B-4914-8765-36E607AE2A2D}.Debug|Any CPU.Build.0 = Debug|Any CPU
		{32D6114B-380B-4914-8765-36E607AE2A2D}.Release|Any CPU.ActiveCfg = Release|Any CPU
		{32D6114B-380B-4914-8765-36E607AE2A2D}.Release|Any CPU.Build.0 = Release|Any CPU
	EndGlobalSection
	GlobalSection(SolutionProperties) = preSolution
		HideSolutionNode = FALSE
	EndGlobalSection
	GlobalSection(ExtensibilityGlobals) = postSolution
		SolutionGuid = {BD87E24C-9B47-4C13-90AE-8058813C4752}
	EndGlobalSection
EndGlobal
