
Microsoft Visual Studio Solution File, Format Version 12.00
# Visual Studio Version 16
VisualStudioVersion = 16.0.29709.97
MinimumVisualStudioVersion = 10.0.40219.1
Project("{FAE04EC0-301F-11D3-BF4B-00C04F79EFBC}") = "Factorizor.UI", "Factorizor.UI\Factorizor.UI.csproj", "{B88EA941-08EF-4574-B0CE-B4A23E8361A4}"
EndProject
Project("{FAE04EC0-301F-11D3-BF4B-00C04F79EFBC}") = "Factorizor.BLL", "..\Factorizor.BLL\Factorizor.BLL.csproj", "{A1DEE410-4D7F-446A-AC7C-4941F6474F24}"
EndProject
Project("{FAE04EC0-301F-11D3-BF4B-00C04F79EFBC}") = "Factorizor.Tests", "..\Factorizor.Tests\Factorizor.Tests.csproj", "{45FED7F9-90F6-49F3-B4FF-7DB5832C737A}"
EndProject
Global
	GlobalSection(SolutionConfigurationPlatforms) = preSolution
		Debug|Any CPU = Debug|Any CPU
		Release|Any CPU = Release|Any CPU
	EndGlobalSection
	GlobalSection(ProjectConfigurationPlatforms) = postSolution
		{B88EA941-08EF-4574-B0CE-B4A23E8361A4}.Debug|Any CPU.ActiveCfg = Debug|Any CPU
		{B88EA941-08EF-4574-B0CE-B4A23E8361A4}.Debug|Any CPU.Build.0 = Debug|Any CPU
		{B88EA941-08EF-4574-B0CE-B4A23E8361A4}.Release|Any CPU.ActiveCfg = Release|Any CPU
		{B88EA941-08EF-4574-B0CE-B4A23E8361A4}.Release|Any CPU.Build.0 = Release|Any CPU
		{A1DEE410-4D7F-446A-AC7C-4941F6474F24}.Debug|Any CPU.ActiveCfg = Debug|Any CPU
		{A1DEE410-4D7F-446A-AC7C-4941F6474F24}.Debug|Any CPU.Build.0 = Debug|Any CPU
		{A1DEE410-4D7F-446A-AC7C-4941F6474F24}.Release|Any CPU.ActiveCfg = Release|Any CPU
		{A1DEE410-4D7F-446A-AC7C-4941F6474F24}.Release|Any CPU.Build.0 = Release|Any CPU
		{45FED7F9-90F6-49F3-B4FF-7DB5832C737A}.Debug|Any CPU.ActiveCfg = Debug|Any CPU
		{45FED7F9-90F6-49F3-B4FF-7DB5832C737A}.Debug|Any CPU.Build.0 = Debug|Any CPU
		{45FED7F9-90F6-49F3-B4FF-7DB5832C737A}.Release|Any CPU.ActiveCfg = Release|Any CPU
		{45FED7F9-90F6-49F3-B4FF-7DB5832C737A}.Release|Any CPU.Build.0 = Release|Any CPU
	EndGlobalSection
	GlobalSection(SolutionProperties) = preSolution
		HideSolutionNode = FALSE
	EndGlobalSection
	GlobalSection(ExtensibilityGlobals) = postSolution
		SolutionGuid = {7E949DE7-ACF7-4F84-AFF3-C906E88DF264}
	EndGlobalSection
EndGlobal
