
Microsoft Visual Studio Solution File, Format Version 12.00
# Visual Studio Version 16
VisualStudioVersion = 16.0.29709.97
MinimumVisualStudioVersion = 10.0.40219.1
Project("{FAE04EC0-301F-11D3-BF4B-00C04F79EFBC}") = "SumOfArray", "SumOfArray\SumOfArray.csproj", "{52D05FD0-BACD-4860-A2A1-ADAA21EB164A}"
EndProject
Global
	GlobalSection(SolutionConfigurationPlatforms) = preSolution
		Debug|Any CPU = Debug|Any CPU
		Release|Any CPU = Release|Any CPU
	EndGlobalSection
	GlobalSection(ProjectConfigurationPlatforms) = postSolution
		{52D05FD0-BACD-4860-A2A1-ADAA21EB164A}.Debug|Any CPU.ActiveCfg = Debug|Any CPU
		{52D05FD0-BACD-4860-A2A1-ADAA21EB164A}.Debug|Any CPU.Build.0 = Debug|Any CPU
		{52D05FD0-BACD-4860-A2A1-ADAA21EB164A}.Release|Any CPU.ActiveCfg = Release|Any CPU
		{52D05FD0-BACD-4860-A2A1-ADAA21EB164A}.Release|Any CPU.Build.0 = Release|Any CPU
	EndGlobalSection
	GlobalSection(SolutionProperties) = preSolution
		HideSolutionNode = FALSE
	EndGlobalSection
	GlobalSection(ExtensibilityGlobals) = postSolution
		SolutionGuid = {28BEC81D-7749-4FFF-9D64-5E25D2C4A09F}
	EndGlobalSection
EndGlobal
