
Microsoft Visual Studio Solution File, Format Version 12.00
# Visual Studio Version 16
VisualStudioVersion = 16.0.29709.97
MinimumVisualStudioVersion = 10.0.40219.1
Project("{FAE04EC0-301F-11D3-BF4B-00C04F79EFBC}") = "Enums", "Enums\Enums.csproj", "{17749C5B-FE5E-467D-9246-BC9FAE0FB45A}"
EndProject
Global
	GlobalSection(SolutionConfigurationPlatforms) = preSolution
		Debug|Any CPU = Debug|Any CPU
		Release|Any CPU = Release|Any CPU
	EndGlobalSection
	GlobalSection(ProjectConfigurationPlatforms) = postSolution
		{17749C5B-FE5E-467D-9246-BC9FAE0FB45A}.Debug|Any CPU.ActiveCfg = Debug|Any CPU
		{17749C5B-FE5E-467D-9246-BC9FAE0FB45A}.Debug|Any CPU.Build.0 = Debug|Any CPU
		{17749C5B-FE5E-467D-9246-BC9FAE0FB45A}.Release|Any CPU.ActiveCfg = Release|Any CPU
		{17749C5B-FE5E-467D-9246-BC9FAE0FB45A}.Release|Any CPU.Build.0 = Release|Any CPU
	EndGlobalSection
	GlobalSection(SolutionProperties) = preSolution
		HideSolutionNode = FALSE
	EndGlobalSection
	GlobalSection(ExtensibilityGlobals) = postSolution
		SolutionGuid = {107FE06E-E7FD-4EDA-B75C-2565036B9870}
	EndGlobalSection
EndGlobal
