
Microsoft Visual Studio Solution File, Format Version 12.00
# Visual Studio Version 16
VisualStudioVersion = 16.0.29709.97
MinimumVisualStudioVersion = 10.0.40219.1
Project("{FAE04EC0-301F-11D3-BF4B-00C04F79EFBC}") = "StringsAreArraysCharacters_Video", "StringsAreArraysCharacters_Video\StringsAreArraysCharacters_Video.csproj", "{7A07478E-2E6B-4D22-9CEC-DC0FA4458F7E}"
EndProject
Global
	GlobalSection(SolutionConfigurationPlatforms) = preSolution
		Debug|Any CPU = Debug|Any CPU
		Release|Any CPU = Release|Any CPU
	EndGlobalSection
	GlobalSection(ProjectConfigurationPlatforms) = postSolution
		{7A07478E-2E6B-4D22-9CEC-DC0FA4458F7E}.Debug|Any CPU.ActiveCfg = Debug|Any CPU
		{7A07478E-2E6B-4D22-9CEC-DC0FA4458F7E}.Debug|Any CPU.Build.0 = Debug|Any CPU
		{7A07478E-2E6B-4D22-9CEC-DC0FA4458F7E}.Release|Any CPU.ActiveCfg = Release|Any CPU
		{7A07478E-2E6B-4D22-9CEC-DC0FA4458F7E}.Release|Any CPU.Build.0 = Release|Any CPU
	EndGlobalSection
	GlobalSection(SolutionProperties) = preSolution
		HideSolutionNode = FALSE
	EndGlobalSection
	GlobalSection(ExtensibilityGlobals) = postSolution
		SolutionGuid = {6159405B-3699-4CDD-A15C-B3E4838D6A85}
	EndGlobalSection
EndGlobal
