
Microsoft Visual Studio Solution File, Format Version 12.00
# Visual Studio Version 16
VisualStudioVersion = 16.0.29709.97
MinimumVisualStudioVersion = 10.0.40219.1
Project("{FAE04EC0-301F-11D3-BF4B-00C04F79EFBC}") = "ChangingSizeOfArray", "ChangingSizeOfArray\ChangingSizeOfArray.csproj", "{11B9F033-4DDE-4DA4-8661-A9A9AD6DC509}"
EndProject
Global
	GlobalSection(SolutionConfigurationPlatforms) = preSolution
		Debug|Any CPU = Debug|Any CPU
		Release|Any CPU = Release|Any CPU
	EndGlobalSection
	GlobalSection(ProjectConfigurationPlatforms) = postSolution
		{11B9F033-4DDE-4DA4-8661-A9A9AD6DC509}.Debug|Any CPU.ActiveCfg = Debug|Any CPU
		{11B9F033-4DDE-4DA4-8661-A9A9AD6DC509}.Debug|Any CPU.Build.0 = Debug|Any CPU
		{11B9F033-4DDE-4DA4-8661-A9A9AD6DC509}.Release|Any CPU.ActiveCfg = Release|Any CPU
		{11B9F033-4DDE-4DA4-8661-A9A9AD6DC509}.Release|Any CPU.Build.0 = Release|Any CPU
	EndGlobalSection
	GlobalSection(SolutionProperties) = preSolution
		HideSolutionNode = FALSE
	EndGlobalSection
	GlobalSection(ExtensibilityGlobals) = postSolution
		SolutionGuid = {6AC6651A-F57E-4381-A9E0-EC2E54B61710}
	EndGlobalSection
EndGlobal
