
Microsoft Visual Studio Solution File, Format Version 12.00
# Visual Studio Version 16
VisualStudioVersion = 16.0.29709.97
MinimumVisualStudioVersion = 10.0.40219.1
Project("{FAE04EC0-301F-11D3-BF4B-00C04F79EFBC}") = "ConsoleReadLine", "ConsoleReadLine\ConsoleReadLine.csproj", "{B67FE79C-164B-4CEE-B4AC-6E69F4364E61}"
EndProject
Global
	GlobalSection(SolutionConfigurationPlatforms) = preSolution
		Debug|Any CPU = Debug|Any CPU
		Release|Any CPU = Release|Any CPU
	EndGlobalSection
	GlobalSection(ProjectConfigurationPlatforms) = postSolution
		{B67FE79C-164B-4CEE-B4AC-6E69F4364E61}.Debug|Any CPU.ActiveCfg = Debug|Any CPU
		{B67FE79C-164B-4CEE-B4AC-6E69F4364E61}.Debug|Any CPU.Build.0 = Debug|Any CPU
		{B67FE79C-164B-4CEE-B4AC-6E69F4364E61}.Release|Any CPU.ActiveCfg = Release|Any CPU
		{B67FE79C-164B-4CEE-B4AC-6E69F4364E61}.Release|Any CPU.Build.0 = Release|Any CPU
	EndGlobalSection
	GlobalSection(SolutionProperties) = preSolution
		HideSolutionNode = FALSE
	EndGlobalSection
	GlobalSection(ExtensibilityGlobals) = postSolution
		SolutionGuid = {753A713E-489B-4E69-8883-A8FF18E72D37}
	EndGlobalSection
EndGlobal
