
Microsoft Visual Studio Solution File, Format Version 12.00
# Visual Studio Version 16
VisualStudioVersion = 16.0.29613.14
MinimumVisualStudioVersion = 10.0.40219.1
Project("{FAE04EC0-301F-11D3-BF4B-00C04F79EFBC}") = "BirthStones", "BirthStones\BirthStones.csproj", "{1E788F6F-85C1-49D4-A3A1-A4CF9C80FEA7}"
EndProject
Global
	GlobalSection(SolutionConfigurationPlatforms) = preSolution
		Debug|Any CPU = Debug|Any CPU
		Release|Any CPU = Release|Any CPU
	EndGlobalSection
	GlobalSection(ProjectConfigurationPlatforms) = postSolution
		{1E788F6F-85C1-49D4-A3A1-A4CF9C80FEA7}.Debug|Any CPU.ActiveCfg = Debug|Any CPU
		{1E788F6F-85C1-49D4-A3A1-A4CF9C80FEA7}.Debug|Any CPU.Build.0 = Debug|Any CPU
		{1E788F6F-85C1-49D4-A3A1-A4CF9C80FEA7}.Release|Any CPU.ActiveCfg = Release|Any CPU
		{1E788F6F-85C1-49D4-A3A1-A4CF9C80FEA7}.Release|Any CPU.Build.0 = Release|Any CPU
	EndGlobalSection
	GlobalSection(SolutionProperties) = preSolution
		HideSolutionNode = FALSE
	EndGlobalSection
	GlobalSection(ExtensibilityGlobals) = postSolution
		SolutionGuid = {9625842C-AB6B-427F-8D71-A16B6A4AA582}
	EndGlobalSection
EndGlobal
