
Microsoft Visual Studio Solution File, Format Version 12.00
# Visual Studio Version 16
VisualStudioVersion = 16.0.29613.14
MinimumVisualStudioVersion = 10.0.40219.1
Project("{FAE04EC0-301F-11D3-BF4B-00C04F79EFBC}") = "MenuOfChampions", "MenuOfChampions\MenuOfChampions.csproj", "{B59A6AB1-A1B1-46C1-94B0-28F842021941}"
EndProject
Global
	GlobalSection(SolutionConfigurationPlatforms) = preSolution
		Debug|Any CPU = Debug|Any CPU
		Release|Any CPU = Release|Any CPU
	EndGlobalSection
	GlobalSection(ProjectConfigurationPlatforms) = postSolution
		{B59A6AB1-A1B1-46C1-94B0-28F842021941}.Debug|Any CPU.ActiveCfg = Debug|Any CPU
		{B59A6AB1-A1B1-46C1-94B0-28F842021941}.Debug|Any CPU.Build.0 = Debug|Any CPU
		{B59A6AB1-A1B1-46C1-94B0-28F842021941}.Release|Any CPU.ActiveCfg = Release|Any CPU
		{B59A6AB1-A1B1-46C1-94B0-28F842021941}.Release|Any CPU.Build.0 = Release|Any CPU
	EndGlobalSection
	GlobalSection(SolutionProperties) = preSolution
		HideSolutionNode = FALSE
	EndGlobalSection
	GlobalSection(ExtensibilityGlobals) = postSolution
		SolutionGuid = {68DB5A70-9B33-4DD7-B616-A4674607208D}
	EndGlobalSection
EndGlobal
