
Microsoft Visual Studio Solution File, Format Version 12.00
# Visual Studio Version 16
VisualStudioVersion = 16.0.29709.97
MinimumVisualStudioVersion = 10.0.40219.1
Project("{FAE04EC0-301F-11D3-BF4B-00C04F79EFBC}") = "LoopBackToFrontTwist", "LoopBackToFrontTwist\LoopBackToFrontTwist.csproj", "{47A13F9A-2507-49E8-957C-162DE882651D}"
EndProject
Global
	GlobalSection(SolutionConfigurationPlatforms) = preSolution
		Debug|Any CPU = Debug|Any CPU
		Release|Any CPU = Release|Any CPU
	EndGlobalSection
	GlobalSection(ProjectConfigurationPlatforms) = postSolution
		{47A13F9A-2507-49E8-957C-162DE882651D}.Debug|Any CPU.ActiveCfg = Debug|Any CPU
		{47A13F9A-2507-49E8-957C-162DE882651D}.Debug|Any CPU.Build.0 = Debug|Any CPU
		{47A13F9A-2507-49E8-957C-162DE882651D}.Release|Any CPU.ActiveCfg = Release|Any CPU
		{47A13F9A-2507-49E8-957C-162DE882651D}.Release|Any CPU.Build.0 = Release|Any CPU
	EndGlobalSection
	GlobalSection(SolutionProperties) = preSolution
		HideSolutionNode = FALSE
	EndGlobalSection
	GlobalSection(ExtensibilityGlobals) = postSolution
		SolutionGuid = {549C38AA-DC78-4534-81E9-A99E44067D6B}
	EndGlobalSection
EndGlobal
