
Microsoft Visual Studio Solution File, Format Version 12.00
# Visual Studio Version 16
VisualStudioVersion = 16.0.29613.14
MinimumVisualStudioVersion = 10.0.40219.1
Project("{FAE04EC0-301F-11D3-BF4B-00C04F79EFBC}") = "TriviaNight", "TriviaNight\TriviaNight.csproj", "{7922A855-C9EA-4446-9DC8-D5EA17A4025D}"
EndProject
Global
	GlobalSection(SolutionConfigurationPlatforms) = preSolution
		Debug|Any CPU = Debug|Any CPU
		Release|Any CPU = Release|Any CPU
	EndGlobalSection
	GlobalSection(ProjectConfigurationPlatforms) = postSolution
		{7922A855-C9EA-4446-9DC8-D5EA17A4025D}.Debug|Any CPU.ActiveCfg = Debug|Any CPU
		{7922A855-C9EA-4446-9DC8-D5EA17A4025D}.Debug|Any CPU.Build.0 = Debug|Any CPU
		{7922A855-C9EA-4446-9DC8-D5EA17A4025D}.Release|Any CPU.ActiveCfg = Release|Any CPU
		{7922A855-C9EA-4446-9DC8-D5EA17A4025D}.Release|Any CPU.Build.0 = Release|Any CPU
	EndGlobalSection
	GlobalSection(SolutionProperties) = preSolution
		HideSolutionNode = FALSE
	EndGlobalSection
	GlobalSection(ExtensibilityGlobals) = postSolution
		SolutionGuid = {565DF98B-C60D-441A-B4E5-308D95416CC9}
	EndGlobalSection
EndGlobal
