
Microsoft Visual Studio Solution File, Format Version 12.00
# Visual Studio Version 16
VisualStudioVersion = 16.0.29613.14
MinimumVisualStudioVersion = 10.0.40219.1
Project("{FAE04EC0-301F-11D3-BF4B-00C04F79EFBC}") = "TheOrderOfThings", "TheOrderOfThings\TheOrderOfThings.csproj", "{CF26B545-57AE-4251-8184-BEFDD74F1ECC}"
EndProject
Global
	GlobalSection(SolutionConfigurationPlatforms) = preSolution
		Debug|Any CPU = Debug|Any CPU
		Release|Any CPU = Release|Any CPU
	EndGlobalSection
	GlobalSection(ProjectConfigurationPlatforms) = postSolution
		{CF26B545-57AE-4251-8184-BEFDD74F1ECC}.Debug|Any CPU.ActiveCfg = Debug|Any CPU
		{CF26B545-57AE-4251-8184-BEFDD74F1ECC}.Debug|Any CPU.Build.0 = Debug|Any CPU
		{CF26B545-57AE-4251-8184-BEFDD74F1ECC}.Release|Any CPU.ActiveCfg = Release|Any CPU
		{CF26B545-57AE-4251-8184-BEFDD74F1ECC}.Release|Any CPU.Build.0 = Release|Any CPU
	EndGlobalSection
	GlobalSection(SolutionProperties) = preSolution
		HideSolutionNode = FALSE
	EndGlobalSection
	GlobalSection(ExtensibilityGlobals) = postSolution
		SolutionGuid = {017C24B7-7949-4C73-BFF2-1EA323FA0971}
	EndGlobalSection
EndGlobal
