
Microsoft Visual Studio Solution File, Format Version 12.00
# Visual Studio Version 16
VisualStudioVersion = 16.0.29613.14
MinimumVisualStudioVersion = 10.0.40219.1
Project("{FAE04EC0-301F-11D3-BF4B-00C04F79EFBC}") = "MoreBucketsMoreFun", "MoreBucketsMoreFun\MoreBucketsMoreFun.csproj", "{9702CA01-9BFB-434D-BF15-D4A69F256ABD}"
EndProject
Global
	GlobalSection(SolutionConfigurationPlatforms) = preSolution
		Debug|Any CPU = Debug|Any CPU
		Release|Any CPU = Release|Any CPU
	EndGlobalSection
	GlobalSection(ProjectConfigurationPlatforms) = postSolution
		{9702CA01-9BFB-434D-BF15-D4A69F256ABD}.Debug|Any CPU.ActiveCfg = Debug|Any CPU
		{9702CA01-9BFB-434D-BF15-D4A69F256ABD}.Debug|Any CPU.Build.0 = Debug|Any CPU
		{9702CA01-9BFB-434D-BF15-D4A69F256ABD}.Release|Any CPU.ActiveCfg = Release|Any CPU
		{9702CA01-9BFB-434D-BF15-D4A69F256ABD}.Release|Any CPU.Build.0 = Release|Any CPU
	EndGlobalSection
	GlobalSection(SolutionProperties) = preSolution
		HideSolutionNode = FALSE
	EndGlobalSection
	GlobalSection(ExtensibilityGlobals) = postSolution
		SolutionGuid = {5BD42EEB-132F-4AD4-AB96-D2B9F291A44E}
	EndGlobalSection
EndGlobal
