
Microsoft Visual Studio Solution File, Format Version 12.00
# Visual Studio Version 16
VisualStudioVersion = 16.0.29709.97
MinimumVisualStudioVersion = 10.0.40219.1
Project("{FAE04EC0-301F-11D3-BF4B-00C04F79EFBC}") = "RPG.InventoryMine", "RPG.InventoryMine\RPG.InventoryMine.csproj", "{941C6D7C-29E5-4A9A-A586-8CB7E5CAB84E}"
EndProject
Project("{FAE04EC0-301F-11D3-BF4B-00C04F79EFBC}") = "RPG.InventoryTests", "..\RPG.InventoryTests\RPG.InventoryTests.csproj", "{C7E3E775-5962-4098-8752-46C774C26DE9}"
EndProject
Global
	GlobalSection(SolutionConfigurationPlatforms) = preSolution
		Debug|Any CPU = Debug|Any CPU
		Release|Any CPU = Release|Any CPU
	EndGlobalSection
	GlobalSection(ProjectConfigurationPlatforms) = postSolution
		{941C6D7C-29E5-4A9A-A586-8CB7E5CAB84E}.Debug|Any CPU.ActiveCfg = Debug|Any CPU
		{941C6D7C-29E5-4A9A-A586-8CB7E5CAB84E}.Debug|Any CPU.Build.0 = Debug|Any CPU
		{941C6D7C-29E5-4A9A-A586-8CB7E5CAB84E}.Release|Any CPU.ActiveCfg = Release|Any CPU
		{941C6D7C-29E5-4A9A-A586-8CB7E5CAB84E}.Release|Any CPU.Build.0 = Release|Any CPU
		{C7E3E775-5962-4098-8752-46C774C26DE9}.Debug|Any CPU.ActiveCfg = Debug|Any CPU
		{C7E3E775-5962-4098-8752-46C774C26DE9}.Debug|Any CPU.Build.0 = Debug|Any CPU
		{C7E3E775-5962-4098-8752-46C774C26DE9}.Release|Any CPU.ActiveCfg = Release|Any CPU
		{C7E3E775-5962-4098-8752-46C774C26DE9}.Release|Any CPU.Build.0 = Release|Any CPU
	EndGlobalSection
	GlobalSection(SolutionProperties) = preSolution
		HideSolutionNode = FALSE
	EndGlobalSection
	GlobalSection(ExtensibilityGlobals) = postSolution
		SolutionGuid = {E801A373-7BD3-4294-8715-B71798222512}
	EndGlobalSection
EndGlobal
